
Microsoft Visual Studio Solution File, Format Version 12.00
# Visual Studio Version 16
VisualStudioVersion = 25.0.1706.7
MinimumVisualStudioVersion = 10.0.40219.1
Project("{FAE04EC0-301F-11D3-BF4B-00C04F79EFBC}") = "Lab 10 - Call the database", "Lab 10 - Call the database.csproj", "{1498F246-B8F1-4A49-846C-08BF732E1661}"
EndProject
Global
	GlobalSection(SolutionConfigurationPlatforms) = preSolution
		Debug|Any CPU = Debug|Any CPU
		Release|Any CPU = Release|Any CPU
	EndGlobalSection
	GlobalSection(ProjectConfigurationPlatforms) = postSolution
		{1498F246-B8F1-4A49-846C-08BF732E1661}.Debug|Any CPU.ActiveCfg = Debug|Any CPU
		{1498F246-B8F1-4A49-846C-08BF732E1661}.Debug|Any CPU.Build.0 = Debug|Any CPU
		{1498F246-B8F1-4A49-846C-08BF732E1661}.Release|Any CPU.ActiveCfg = Release|Any CPU
		{1498F246-B8F1-4A49-846C-08BF732E1661}.Release|Any CPU.Build.0 = Release|Any CPU
	EndGlobalSection
	GlobalSection(SolutionProperties) = preSolution
		HideSolutionNode = FALSE
	EndGlobalSection
	GlobalSection(ExtensibilityGlobals) = postSolution
		SolutionGuid = {9765A9FF-EDEF-46EB-90ED-459B955836CD}
	EndGlobalSection
EndGlobal
